
Microsoft Visual Studio Solution File, Format Version 12.00
# Visual Studio Version 17
VisualStudioVersion = 17.9.34701.34
MinimumVisualStudioVersion = 10.0.40219.1
Project("{FAE04EC0-301F-11D3-BF4B-00C04F79EFBC}") = "ConsoleAppGITDay2", "ConsoleAppGITDay2\ConsoleAppGITDay2.csproj", "{91475C08-72B7-457D-BA8C-90282CB14087}"
EndProject
Global
	GlobalSection(SolutionConfigurationPlatforms) = preSolution
		Debug|Any CPU = Debug|Any CPU
		Release|Any CPU = Release|Any CPU
	EndGlobalSection
	GlobalSection(ProjectConfigurationPlatforms) = postSolution
		{91475C08-72B7-457D-BA8C-90282CB14087}.Debug|Any CPU.ActiveCfg = Debug|Any CPU
		{91475C08-72B7-457D-BA8C-90282CB14087}.Debug|Any CPU.Build.0 = Debug|Any CPU
		{91475C08-72B7-457D-BA8C-90282CB14087}.Release|Any CPU.ActiveCfg = Release|Any CPU
		{91475C08-72B7-457D-BA8C-90282CB14087}.Release|Any CPU.Build.0 = Release|Any CPU
	EndGlobalSection
	GlobalSection(SolutionProperties) = preSolution
		HideSolutionNode = FALSE
	EndGlobalSection
	GlobalSection(ExtensibilityGlobals) = postSolution
		SolutionGuid = {E3CC4AE0-9357-4399-99D4-6E6680D6CC89}
	EndGlobalSection
EndGlobal
